// !$*UTF8*$!
{
	archiveVersion = 1;
	classes = {
	};
	objectVersion = 55;
	objects = {

/* Begin PBXBuildFile section */
		4822DACD28B9EBCA00400AEA /* TodaysWeather_SwiftUIApp.swift in Sources */ = {isa = PBXBuildFile; fileRef = 4822DACC28B9EBCA00400AEA /* TodaysWeather_SwiftUIApp.swift */; };
		4822DACF28B9EBCA00400AEA /* ContentView.swift in Sources */ = {isa = PBXBuildFile; fileRef = 4822DACE28B9EBCA00400AEA /* ContentView.swift */; };
		4822DAD128B9EBCB00400AEA /* Assets.xcassets in Resources */ = {isa = PBXBuildFile; fileRef = 4822DAD028B9EBCB00400AEA /* Assets.xcassets */; };
		4822DAD428B9EBCB00400AEA /* Preview Assets.xcassets in Resources */ = {isa = PBXBuildFile; fileRef = 4822DAD328B9EBCB00400AEA /* Preview Assets.xcassets */; };
		4822DADE28B9EBCB00400AEA /* TodaysWeather_SwiftUITests.swift in Sources */ = {isa = PBXBuildFile; fileRef = 4822DADD28B9EBCB00400AEA /* TodaysWeather_SwiftUITests.swift */; };
		4822DAE828B9EBCB00400AEA /* TodaysWeather_SwiftUIUITests.swift in Sources */ = {isa = PBXBuildFile; fileRef = 4822DAE728B9EBCB00400AEA /* TodaysWeather_SwiftUIUITests.swift */; };
		4822DAEA28B9EBCB00400AEA /* TodaysWeather_SwiftUIUITestsLaunchTests.swift in Sources */ = {isa = PBXBuildFile; fileRef = 4822DAE928B9EBCB00400AEA /* TodaysWeather_SwiftUIUITestsLaunchTests.swift */; };
		4822DAFA28B9EDD900400AEA /* CityWeatherRow.swift in Sources */ = {isa = PBXBuildFile; fileRef = 4822DAF928B9EDD900400AEA /* CityWeatherRow.swift */; };
		4822DB0728B9F2B000400AEA /* ResponseWeatherData.swift in Sources */ = {isa = PBXBuildFile; fileRef = 4822DB0628B9F2B000400AEA /* ResponseWeatherData.swift */; };
		4822DB0B28B9F69B00400AEA /* WeatherType.swift in Sources */ = {isa = PBXBuildFile; fileRef = 4822DB0A28B9F69B00400AEA /* WeatherType.swift */; };
		4822DB0D28B9F6AE00400AEA /* WeatherUnit.swift in Sources */ = {isa = PBXBuildFile; fileRef = 4822DB0C28B9F6AE00400AEA /* WeatherUnit.swift */; };
		4822DB0F28B9F92C00400AEA /* City.swift in Sources */ = {isa = PBXBuildFile; fileRef = 4822DB0E28B9F92C00400AEA /* City.swift */; };
		4822DB1128BB119600400AEA /* GeoInfo.swift in Sources */ = {isa = PBXBuildFile; fileRef = 4822DB1028BB119600400AEA /* GeoInfo.swift */; };
		4822DB1328BB246900400AEA /* CityWeather.swift in Sources */ = {isa = PBXBuildFile; fileRef = 4822DB1228BB246900400AEA /* CityWeather.swift */; };
		4822DB1628BB269C00400AEA /* APIProvider.swift in Sources */ = {isa = PBXBuildFile; fileRef = 4822DB1528BB269C00400AEA /* APIProvider.swift */; };
		4822DB1B28BB2E0000400AEA /* APIRequest+Protocol.swift in Sources */ = {isa = PBXBuildFile; fileRef = 4822DB1828BB2E0000400AEA /* APIRequest+Protocol.swift */; };
		4822DB1C28BB2E0000400AEA /* WeatherInfoRequest.swift in Sources */ = {isa = PBXBuildFile; fileRef = 4822DB1928BB2E0000400AEA /* WeatherInfoRequest.swift */; };
		4822DB1D28BB2E0000400AEA /* GeoInfoRequest.swift in Sources */ = {isa = PBXBuildFile; fileRef = 4822DB1A28BB2E0000400AEA /* GeoInfoRequest.swift */; };
		4822DB1F28BB2E3500400AEA /* APIKeyBundle.swift in Sources */ = {isa = PBXBuildFile; fileRef = 4822DB1E28BB2E3500400AEA /* APIKeyBundle.swift */; };
		4822DB2128BB2E4400400AEA /* SecretKey.plist in Resources */ = {isa = PBXBuildFile; fileRef = 4822DB2028BB2E4400400AEA /* SecretKey.plist */; };
		4822DB2928BB34A400400AEA /* NetworkError.swift in Sources */ = {isa = PBXBuildFile; fileRef = 4822DB2628BB34A400400AEA /* NetworkError.swift */; };
		4822DB2D28BB3ABA00400AEA /* Repository.swift in Sources */ = {isa = PBXBuildFile; fileRef = 4822DB2C28BB3ABA00400AEA /* Repository.swift */; };
		4822DB3128BB46C600400AEA /* ImageURL.swift in Sources */ = {isa = PBXBuildFile; fileRef = 4822DB3028BB46C600400AEA /* ImageURL.swift */; };
		4895092228BB60DC00DB5F02 /* CityList.swift in Sources */ = {isa = PBXBuildFile; fileRef = 4895092128BB60DC00DB5F02 /* CityList.swift */; };
		4895092428BB619D00DB5F02 /* CityWeatherDetail.swift in Sources */ = {isa = PBXBuildFile; fileRef = 4895092328BB619D00DB5F02 /* CityWeatherDetail.swift */; };
/* End PBXBuildFile section */

/* Begin PBXContainerItemProxy section */
		4822DADA28B9EBCB00400AEA /* PBXContainerItemProxy */ = {
			isa = PBXContainerItemProxy;
			containerPortal = 4822DAC128B9EBCA00400AEA /* Project object */;
			proxyType = 1;
			remoteGlobalIDString = 4822DAC828B9EBCA00400AEA;
			remoteInfo = TodaysWeather_SwiftUI;
		};
		4822DAE428B9EBCB00400AEA /* PBXContainerItemProxy */ = {
			isa = PBXContainerItemProxy;
			containerPortal = 4822DAC128B9EBCA00400AEA /* Project object */;
			proxyType = 1;
			remoteGlobalIDString = 4822DAC828B9EBCA00400AEA;
			remoteInfo = TodaysWeather_SwiftUI;
		};
/* End PBXContainerItemProxy section */

/* Begin PBXFileReference section */
		4822DAC928B9EBCA00400AEA /* TodaysWeather_SwiftUI.app */ = {isa = PBXFileReference; explicitFileType = wrapper.application; includeInIndex = 0; path = TodaysWeather_SwiftUI.app; sourceTree = BUILT_PRODUCTS_DIR; };
		4822DACC28B9EBCA00400AEA /* TodaysWeather_SwiftUIApp.swift */ = {isa = PBXFileReference; lastKnownFileType = sourcecode.swift; path = TodaysWeather_SwiftUIApp.swift; sourceTree = "<group>"; };
		4822DACE28B9EBCA00400AEA /* ContentView.swift */ = {isa = PBXFileReference; lastKnownFileType = sourcecode.swift; path = ContentView.swift; sourceTree = "<group>"; };
		4822DAD028B9EBCB00400AEA /* Assets.xcassets */ = {isa = PBXFileReference; lastKnownFileType = folder.assetcatalog; path = Assets.xcassets; sourceTree = "<group>"; };
		4822DAD328B9EBCB00400AEA /* Preview Assets.xcassets */ = {isa = PBXFileReference; lastKnownFileType = folder.assetcatalog; path = "Preview Assets.xcassets"; sourceTree = "<group>"; };
		4822DAD928B9EBCB00400AEA /* TodaysWeather_SwiftUITests.xctest */ = {isa = PBXFileReference; explicitFileType = wrapper.cfbundle; includeInIndex = 0; path = TodaysWeather_SwiftUITests.xctest; sourceTree = BUILT_PRODUCTS_DIR; };
		4822DADD28B9EBCB00400AEA /* TodaysWeather_SwiftUITests.swift */ = {isa = PBXFileReference; lastKnownFileType = sourcecode.swift; path = TodaysWeather_SwiftUITests.swift; sourceTree = "<group>"; };
		4822DAE328B9EBCB00400AEA /* TodaysWeather_SwiftUIUITests.xctest */ = {isa = PBXFileReference; explicitFileType = wrapper.cfbundle; includeInIndex = 0; path = TodaysWeather_SwiftUIUITests.xctest; sourceTree = BUILT_PRODUCTS_DIR; };
		4822DAE728B9EBCB00400AEA /* TodaysWeather_SwiftUIUITests.swift */ = {isa = PBXFileReference; lastKnownFileType = sourcecode.swift; path = TodaysWeather_SwiftUIUITests.swift; sourceTree = "<group>"; };
		4822DAE928B9EBCB00400AEA /* TodaysWeather_SwiftUIUITestsLaunchTests.swift */ = {isa = PBXFileReference; lastKnownFileType = sourcecode.swift; path = TodaysWeather_SwiftUIUITestsLaunchTests.swift; sourceTree = "<group>"; };
		4822DAF928B9EDD900400AEA /* CityWeatherRow.swift */ = {isa = PBXFileReference; lastKnownFileType = sourcecode.swift; path = CityWeatherRow.swift; sourceTree = "<group>"; };
		4822DB0628B9F2B000400AEA /* ResponseWeatherData.swift */ = {isa = PBXFileReference; lastKnownFileType = sourcecode.swift; path = ResponseWeatherData.swift; sourceTree = "<group>"; };
		4822DB0A28B9F69B00400AEA /* WeatherType.swift */ = {isa = PBXFileReference; lastKnownFileType = sourcecode.swift; path = WeatherType.swift; sourceTree = "<group>"; };
		4822DB0C28B9F6AE00400AEA /* WeatherUnit.swift */ = {isa = PBXFileReference; lastKnownFileType = sourcecode.swift; path = WeatherUnit.swift; sourceTree = "<group>"; };
		4822DB0E28B9F92C00400AEA /* City.swift */ = {isa = PBXFileReference; lastKnownFileType = sourcecode.swift; path = City.swift; sourceTree = "<group>"; };
		4822DB1028BB119600400AEA /* GeoInfo.swift */ = {isa = PBXFileReference; lastKnownFileType = sourcecode.swift; path = GeoInfo.swift; sourceTree = "<group>"; };
		4822DB1228BB246900400AEA /* CityWeather.swift */ = {isa = PBXFileReference; lastKnownFileType = sourcecode.swift; path = CityWeather.swift; sourceTree = "<group>"; };
		4822DB1528BB269C00400AEA /* APIProvider.swift */ = {isa = PBXFileReference; lastKnownFileType = sourcecode.swift; path = APIProvider.swift; sourceTree = "<group>"; };
		4822DB1828BB2E0000400AEA /* APIRequest+Protocol.swift */ = {isa = PBXFileReference; fileEncoding = 4; lastKnownFileType = sourcecode.swift; path = "APIRequest+Protocol.swift"; sourceTree = "<group>"; };
		4822DB1928BB2E0000400AEA /* WeatherInfoRequest.swift */ = {isa = PBXFileReference; fileEncoding = 4; lastKnownFileType = sourcecode.swift; path = WeatherInfoRequest.swift; sourceTree = "<group>"; };
		4822DB1A28BB2E0000400AEA /* GeoInfoRequest.swift */ = {isa = PBXFileReference; fileEncoding = 4; lastKnownFileType = sourcecode.swift; path = GeoInfoRequest.swift; sourceTree = "<group>"; };
		4822DB1E28BB2E3500400AEA /* APIKeyBundle.swift */ = {isa = PBXFileReference; fileEncoding = 4; lastKnownFileType = sourcecode.swift; path = APIKeyBundle.swift; sourceTree = "<group>"; };
		4822DB2028BB2E4400400AEA /* SecretKey.plist */ = {isa = PBXFileReference; fileEncoding = 4; lastKnownFileType = text.plist.xml; path = SecretKey.plist; sourceTree = "<group>"; };
		4822DB2628BB34A400400AEA /* NetworkError.swift */ = {isa = PBXFileReference; fileEncoding = 4; lastKnownFileType = sourcecode.swift; path = NetworkError.swift; sourceTree = "<group>"; };
		4822DB2C28BB3ABA00400AEA /* Repository.swift */ = {isa = PBXFileReference; lastKnownFileType = sourcecode.swift; path = Repository.swift; sourceTree = "<group>"; };
		4822DB3028BB46C600400AEA /* ImageURL.swift */ = {isa = PBXFileReference; lastKnownFileType = sourcecode.swift; path = ImageURL.swift; sourceTree = "<group>"; };
		4895092128BB60DC00DB5F02 /* CityList.swift */ = {isa = PBXFileReference; lastKnownFileType = sourcecode.swift; path = CityList.swift; sourceTree = "<group>"; };
		4895092328BB619D00DB5F02 /* CityWeatherDetail.swift */ = {isa = PBXFileReference; lastKnownFileType = sourcecode.swift; path = CityWeatherDetail.swift; sourceTree = "<group>"; };
		4895092528BC723000DB5F02 /* TodaysWeather-SwiftUI-Info.plist */ = {isa = PBXFileReference; lastKnownFileType = text.plist; path = "TodaysWeather-SwiftUI-Info.plist"; sourceTree = SOURCE_ROOT; };
/* End PBXFileReference section */

/* Begin PBXFrameworksBuildPhase section */
		4822DAC628B9EBCA00400AEA /* Frameworks */ = {
			isa = PBXFrameworksBuildPhase;
			buildActionMask = 2147483647;
			files = (
			);
			runOnlyForDeploymentPostprocessing = 0;
		};
		4822DAD628B9EBCB00400AEA /* Frameworks */ = {
			isa = PBXFrameworksBuildPhase;
			buildActionMask = 2147483647;
			files = (
			);
			runOnlyForDeploymentPostprocessing = 0;
		};
		4822DAE028B9EBCB00400AEA /* Frameworks */ = {
			isa = PBXFrameworksBuildPhase;
			buildActionMask = 2147483647;
			files = (
			);
			runOnlyForDeploymentPostprocessing = 0;
		};
/* End PBXFrameworksBuildPhase section */

/* Begin PBXGroup section */
		4822DAC028B9EBCA00400AEA = {
			isa = PBXGroup;
			children = (
				4822DACB28B9EBCA00400AEA /* TodaysWeather_SwiftUI */,
				4822DADC28B9EBCB00400AEA /* TodaysWeather_SwiftUITests */,
				4822DAE628B9EBCB00400AEA /* TodaysWeather_SwiftUIUITests */,
				4822DACA28B9EBCA00400AEA /* Products */,
			);
			sourceTree = "<group>";
		};
		4822DACA28B9EBCA00400AEA /* Products */ = {
			isa = PBXGroup;
			children = (
				4822DAC928B9EBCA00400AEA /* TodaysWeather_SwiftUI.app */,
				4822DAD928B9EBCB00400AEA /* TodaysWeather_SwiftUITests.xctest */,
				4822DAE328B9EBCB00400AEA /* TodaysWeather_SwiftUIUITests.xctest */,
			);
			name = Products;
			sourceTree = "<group>";
		};
		4822DACB28B9EBCA00400AEA /* TodaysWeather_SwiftUI */ = {
			isa = PBXGroup;
			children = (
				4895092528BC723000DB5F02 /* TodaysWeather-SwiftUI-Info.plist */,
				4822DACC28B9EBCA00400AEA /* TodaysWeather_SwiftUIApp.swift */,
				4822DB2028BB2E4400400AEA /* SecretKey.plist */,
				4822DB1E28BB2E3500400AEA /* APIKeyBundle.swift */,
				4822DAF628B9ED7700400AEA /* Views */,
				4822DB0528B9F28100400AEA /* Model */,
				4822DB1428BB268400400AEA /* Network */,
				4822DAD028B9EBCB00400AEA /* Assets.xcassets */,
				4822DAD228B9EBCB00400AEA /* Preview Content */,
			);
			path = TodaysWeather_SwiftUI;
			sourceTree = "<group>";
		};
		4822DAD228B9EBCB00400AEA /* Preview Content */ = {
			isa = PBXGroup;
			children = (
				4822DAD328B9EBCB00400AEA /* Preview Assets.xcassets */,
			);
			path = "Preview Content";
			sourceTree = "<group>";
		};
		4822DADC28B9EBCB00400AEA /* TodaysWeather_SwiftUITests */ = {
			isa = PBXGroup;
			children = (
				4822DADD28B9EBCB00400AEA /* TodaysWeather_SwiftUITests.swift */,
			);
			path = TodaysWeather_SwiftUITests;
			sourceTree = "<group>";
		};
		4822DAE628B9EBCB00400AEA /* TodaysWeather_SwiftUIUITests */ = {
			isa = PBXGroup;
			children = (
				4822DAE728B9EBCB00400AEA /* TodaysWeather_SwiftUIUITests.swift */,
				4822DAE928B9EBCB00400AEA /* TodaysWeather_SwiftUIUITestsLaunchTests.swift */,
			);
			path = TodaysWeather_SwiftUIUITests;
			sourceTree = "<group>";
		};
		4822DAF628B9ED7700400AEA /* Views */ = {
			isa = PBXGroup;
			children = (
				4822DACE28B9EBCA00400AEA /* ContentView.swift */,
				4895092128BB60DC00DB5F02 /* CityList.swift */,
				4822DAF928B9EDD900400AEA /* CityWeatherRow.swift */,
				4895092328BB619D00DB5F02 /* CityWeatherDetail.swift */,
			);
			path = Views;
			sourceTree = "<group>";
		};
		4822DB0528B9F28100400AEA /* Model */ = {
			isa = PBXGroup;
			children = (
				4822DB1228BB246900400AEA /* CityWeather.swift */,
				4822DB0A28B9F69B00400AEA /* WeatherType.swift */,
				4822DB0C28B9F6AE00400AEA /* WeatherUnit.swift */,
				4822DB1028BB119600400AEA /* GeoInfo.swift */,
				4822DB0E28B9F92C00400AEA /* City.swift */,
				4822DB3028BB46C600400AEA /* ImageURL.swift */,
			);
			path = Model;
			sourceTree = "<group>";
		};
		4822DB1428BB268400400AEA /* Network */ = {
			isa = PBXGroup;
			children = (
				4822DB1528BB269C00400AEA /* APIProvider.swift */,
				4822DB1728BB2E0000400AEA /* Request */,
				4822DB2328BB34A400400AEA /* Response */,
				4822DB2528BB34A400400AEA /* Error */,
			);
			path = Network;
			sourceTree = "<group>";
		};
		4822DB1728BB2E0000400AEA /* Request */ = {
			isa = PBXGroup;
			children = (
				4822DB1828BB2E0000400AEA /* APIRequest+Protocol.swift */,
				4822DB1928BB2E0000400AEA /* WeatherInfoRequest.swift */,
				4822DB1A28BB2E0000400AEA /* GeoInfoRequest.swift */,
				4822DB2C28BB3ABA00400AEA /* Repository.swift */,
			);
			path = Request;
			sourceTree = "<group>";
		};
		4822DB2328BB34A400400AEA /* Response */ = {
			isa = PBXGroup;
			children = (
				4822DB0628B9F2B000400AEA /* ResponseWeatherData.swift */,
			);
			path = Response;
			sourceTree = "<group>";
		};
		4822DB2528BB34A400400AEA /* Error */ = {
			isa = PBXGroup;
			children = (
				4822DB2628BB34A400400AEA /* NetworkError.swift */,
			);
			path = Error;
			sourceTree = "<group>";
		};
/* End PBXGroup section */

/* Begin PBXNativeTarget section */
		4822DAC828B9EBCA00400AEA /* TodaysWeather_SwiftUI */ = {
			isa = PBXNativeTarget;
			buildConfigurationList = 4822DAED28B9EBCB00400AEA /* Build configuration list for PBXNativeTarget "TodaysWeather_SwiftUI" */;
			buildPhases = (
				4822DAC528B9EBCA00400AEA /* Sources */,
				4822DAC628B9EBCA00400AEA /* Frameworks */,
				4822DAC728B9EBCA00400AEA /* Resources */,
			);
			buildRules = (
			);
			dependencies = (
			);
			name = TodaysWeather_SwiftUI;
			productName = TodaysWeather_SwiftUI;
			productReference = 4822DAC928B9EBCA00400AEA /* TodaysWeather_SwiftUI.app */;
			productType = "com.apple.product-type.application";
		};
		4822DAD828B9EBCB00400AEA /* TodaysWeather_SwiftUITests */ = {
			isa = PBXNativeTarget;
			buildConfigurationList = 4822DAF028B9EBCB00400AEA /* Build configuration list for PBXNativeTarget "TodaysWeather_SwiftUITests" */;
			buildPhases = (
				4822DAD528B9EBCB00400AEA /* Sources */,
				4822DAD628B9EBCB00400AEA /* Frameworks */,
				4822DAD728B9EBCB00400AEA /* Resources */,
			);
			buildRules = (
			);
			dependencies = (
				4822DADB28B9EBCB00400AEA /* PBXTargetDependency */,
			);
			name = TodaysWeather_SwiftUITests;
			productName = TodaysWeather_SwiftUITests;
			productReference = 4822DAD928B9EBCB00400AEA /* TodaysWeather_SwiftUITests.xctest */;
			productType = "com.apple.product-type.bundle.unit-test";
		};
		4822DAE228B9EBCB00400AEA /* TodaysWeather_SwiftUIUITests */ = {
			isa = PBXNativeTarget;
			buildConfigurationList = 4822DAF328B9EBCB00400AEA /* Build configuration list for PBXNativeTarget "TodaysWeather_SwiftUIUITests" */;
			buildPhases = (
				4822DADF28B9EBCB00400AEA /* Sources */,
				4822DAE028B9EBCB00400AEA /* Frameworks */,
				4822DAE128B9EBCB00400AEA /* Resources */,
			);
			buildRules = (
			);
			dependencies = (
				4822DAE528B9EBCB00400AEA /* PBXTargetDependency */,
			);
			name = TodaysWeather_SwiftUIUITests;
			productName = TodaysWeather_SwiftUIUITests;
			productReference = 4822DAE328B9EBCB00400AEA /* TodaysWeather_SwiftUIUITests.xctest */;
			productType = "com.apple.product-type.bundle.ui-testing";
		};
/* End PBXNativeTarget section */

/* Begin PBXProject section */
		4822DAC128B9EBCA00400AEA /* Project object */ = {
			isa = PBXProject;
			attributes = {
				BuildIndependentTargetsInParallel = 1;
				LastSwiftUpdateCheck = 1340;
				LastUpgradeCheck = 1340;
				TargetAttributes = {
					4822DAC828B9EBCA00400AEA = {
						CreatedOnToolsVersion = 13.4.1;
					};
					4822DAD828B9EBCB00400AEA = {
						CreatedOnToolsVersion = 13.4.1;
						TestTargetID = 4822DAC828B9EBCA00400AEA;
					};
					4822DAE228B9EBCB00400AEA = {
						CreatedOnToolsVersion = 13.4.1;
						TestTargetID = 4822DAC828B9EBCA00400AEA;
					};
				};
			};
			buildConfigurationList = 4822DAC428B9EBCA00400AEA /* Build configuration list for PBXProject "TodaysWeather_SwiftUI" */;
			compatibilityVersion = "Xcode 13.0";
			developmentRegion = en;
			hasScannedForEncodings = 0;
			knownRegions = (
				en,
				Base,
			);
			mainGroup = 4822DAC028B9EBCA00400AEA;
			productRefGroup = 4822DACA28B9EBCA00400AEA /* Products */;
			projectDirPath = "";
			projectRoot = "";
			targets = (
				4822DAC828B9EBCA00400AEA /* TodaysWeather_SwiftUI */,
				4822DAD828B9EBCB00400AEA /* TodaysWeather_SwiftUITests */,
				4822DAE228B9EBCB00400AEA /* TodaysWeather_SwiftUIUITests */,
			);
		};
/* End PBXProject section */

/* Begin PBXResourcesBuildPhase section */
		4822DAC728B9EBCA00400AEA /* Resources */ = {
			isa = PBXResourcesBuildPhase;
			buildActionMask = 2147483647;
			files = (
				4822DAD428B9EBCB00400AEA /* Preview Assets.xcassets in Resources */,
				4822DB2128BB2E4400400AEA /* SecretKey.plist in Resources */,
				4822DAD128B9EBCB00400AEA /* Assets.xcassets in Resources */,
			);
			runOnlyForDeploymentPostprocessing = 0;
		};
		4822DAD728B9EBCB00400AEA /* Resources */ = {
			isa = PBXResourcesBuildPhase;
			buildActionMask = 2147483647;
			files = (
			);
			runOnlyForDeploymentPostprocessing = 0;
		};
		4822DAE128B9EBCB00400AEA /* Resources */ = {
			isa = PBXResourcesBuildPhase;
			buildActionMask = 2147483647;
			files = (
			);
			runOnlyForDeploymentPostprocessing = 0;
		};
/* End PBXResourcesBuildPhase section */

/* Begin PBXSourcesBuildPhase section */
		4822DAC528B9EBCA00400AEA /* Sources */ = {
			isa = PBXSourcesBuildPhase;
			buildActionMask = 2147483647;
			files = (
				4822DB2928BB34A400400AEA /* NetworkError.swift in Sources */,
				4822DB1C28BB2E0000400AEA /* WeatherInfoRequest.swift in Sources */,
				4822DB3128BB46C600400AEA /* ImageURL.swift in Sources */,
				4822DB1128BB119600400AEA /* GeoInfo.swift in Sources */,
				4822DB1D28BB2E0000400AEA /* GeoInfoRequest.swift in Sources */,
				4822DB0728B9F2B000400AEA /* ResponseWeatherData.swift in Sources */,
				4822DB0D28B9F6AE00400AEA /* WeatherUnit.swift in Sources */,
				4822DACF28B9EBCA00400AEA /* ContentView.swift in Sources */,
				4822DACD28B9EBCA00400AEA /* TodaysWeather_SwiftUIApp.swift in Sources */,
				4822DB1B28BB2E0000400AEA /* APIRequest+Protocol.swift in Sources */,
				4895092228BB60DC00DB5F02 /* CityList.swift in Sources */,
				4822DB1F28BB2E3500400AEA /* APIKeyBundle.swift in Sources */,
				4822DB1328BB246900400AEA /* CityWeather.swift in Sources */,
				4895092428BB619D00DB5F02 /* CityWeatherDetail.swift in Sources */,
				4822DB2D28BB3ABA00400AEA /* Repository.swift in Sources */,
				4822DB0B28B9F69B00400AEA /* WeatherType.swift in Sources */,
				4822DB1628BB269C00400AEA /* APIProvider.swift in Sources */,
				4822DB0F28B9F92C00400AEA /* City.swift in Sources */,
				4822DAFA28B9EDD900400AEA /* CityWeatherRow.swift in Sources */,
			);
			runOnlyForDeploymentPostprocessing = 0;
		};
		4822DAD528B9EBCB00400AEA /* Sources */ = {
			isa = PBXSourcesBuildPhase;
			buildActionMask = 2147483647;
			files = (
				4822DADE28B9EBCB00400AEA /* TodaysWeather_SwiftUITests.swift in Sources */,
			);
			runOnlyForDeploymentPostprocessing = 0;
		};
		4822DADF28B9EBCB00400AEA /* Sources */ = {
			isa = PBXSourcesBuildPhase;
			buildActionMask = 2147483647;
			files = (
				4822DAE828B9EBCB00400AEA /* TodaysWeather_SwiftUIUITests.swift in Sources */,
				4822DAEA28B9EBCB00400AEA /* TodaysWeather_SwiftUIUITestsLaunchTests.swift in Sources */,
			);
			runOnlyForDeploymentPostprocessing = 0;
		};
/* End PBXSourcesBuildPhase section */

/* Begin PBXTargetDependency section */
		4822DADB28B9EBCB00400AEA /* PBXTargetDependency */ = {
			isa = PBXTargetDependency;
			target = 4822DAC828B9EBCA00400AEA /* TodaysWeather_SwiftUI */;
			targetProxy = 4822DADA28B9EBCB00400AEA /* PBXContainerItemProxy */;
		};
		4822DAE528B9EBCB00400AEA /* PBXTargetDependency */ = {
			isa = PBXTargetDependency;
			target = 4822DAC828B9EBCA00400AEA /* TodaysWeather_SwiftUI */;
			targetProxy = 4822DAE428B9EBCB00400AEA /* PBXContainerItemProxy */;
		};
/* End PBXTargetDependency section */

/* Begin XCBuildConfiguration section */
		4822DAEB28B9EBCB00400AEA /* Debug */ = {
			isa = XCBuildConfiguration;
			buildSettings = {
				ALWAYS_SEARCH_USER_PATHS = NO;
				CLANG_ANALYZER_NONNULL = YES;
				CLANG_ANALYZER_NUMBER_OBJECT_CONVERSION = YES_AGGRESSIVE;
				CLANG_CXX_LANGUAGE_STANDARD = "gnu++17";
				CLANG_ENABLE_MODULES = YES;
				CLANG_ENABLE_OBJC_ARC = YES;
				CLANG_ENABLE_OBJC_WEAK = YES;
				CLANG_WARN_BLOCK_CAPTURE_AUTORELEASING = YES;
				CLANG_WARN_BOOL_CONVERSION = YES;
				CLANG_WARN_COMMA = YES;
				CLANG_WARN_CONSTANT_CONVERSION = YES;
				CLANG_WARN_DEPRECATED_OBJC_IMPLEMENTATIONS = YES;
				CLANG_WARN_DIRECT_OBJC_ISA_USAGE = YES_ERROR;
				CLANG_WARN_DOCUMENTATION_COMMENTS = YES;
				CLANG_WARN_EMPTY_BODY = YES;
				CLANG_WARN_ENUM_CONVERSION = YES;
				CLANG_WARN_INFINITE_RECURSION = YES;
				CLANG_WARN_INT_CONVERSION = YES;
				CLANG_WARN_NON_LITERAL_NULL_CONVERSION = YES;
				CLANG_WARN_OBJC_IMPLICIT_RETAIN_SELF = YES;
				CLANG_WARN_OBJC_LITERAL_CONVERSION = YES;
				CLANG_WARN_OBJC_ROOT_CLASS = YES_ERROR;
				CLANG_WARN_QUOTED_INCLUDE_IN_FRAMEWORK_HEADER = YES;
				CLANG_WARN_RANGE_LOOP_ANALYSIS = YES;
				CLANG_WARN_STRICT_PROTOTYPES = YES;
				CLANG_WARN_SUSPICIOUS_MOVE = YES;
				CLANG_WARN_UNGUARDED_AVAILABILITY = YES_AGGRESSIVE;
				CLANG_WARN_UNREACHABLE_CODE = YES;
				CLANG_WARN__DUPLICATE_METHOD_MATCH = YES;
				COPY_PHASE_STRIP = NO;
				DEBUG_INFORMATION_FORMAT = dwarf;
				ENABLE_STRICT_OBJC_MSGSEND = YES;
				ENABLE_TESTABILITY = YES;
				GCC_C_LANGUAGE_STANDARD = gnu11;
				GCC_DYNAMIC_NO_PIC = NO;
				GCC_NO_COMMON_BLOCKS = YES;
				GCC_OPTIMIZATION_LEVEL = 0;
				GCC_PREPROCESSOR_DEFINITIONS = (
					"DEBUG=1",
					"$(inherited)",
				);
				GCC_WARN_64_TO_32_BIT_CONVERSION = YES;
				GCC_WARN_ABOUT_RETURN_TYPE = YES_ERROR;
				GCC_WARN_UNDECLARED_SELECTOR = YES;
				GCC_WARN_UNINITIALIZED_AUTOS = YES_AGGRESSIVE;
				GCC_WARN_UNUSED_FUNCTION = YES;
				GCC_WARN_UNUSED_VARIABLE = YES;
				IPHONEOS_DEPLOYMENT_TARGET = 15.5;
				MTL_ENABLE_DEBUG_INFO = INCLUDE_SOURCE;
				MTL_FAST_MATH = YES;
				ONLY_ACTIVE_ARCH = YES;
				SDKROOT = iphoneos;
				SWIFT_ACTIVE_COMPILATION_CONDITIONS = DEBUG;
				SWIFT_OPTIMIZATION_LEVEL = "-Onone";
			};
			name = Debug;
		};
		4822DAEC28B9EBCB00400AEA /* Release */ = {
			isa = XCBuildConfiguration;
			buildSettings = {
				ALWAYS_SEARCH_USER_PATHS = NO;
				CLANG_ANALYZER_NONNULL = YES;
				CLANG_ANALYZER_NUMBER_OBJECT_CONVERSION = YES_AGGRESSIVE;
				CLANG_CXX_LANGUAGE_STANDARD = "gnu++17";
				CLANG_ENABLE_MODULES = YES;
				CLANG_ENABLE_OBJC_ARC = YES;
				CLANG_ENABLE_OBJC_WEAK = YES;
				CLANG_WARN_BLOCK_CAPTURE_AUTORELEASING = YES;
				CLANG_WARN_BOOL_CONVERSION = YES;
				CLANG_WARN_COMMA = YES;
				CLANG_WARN_CONSTANT_CONVERSION = YES;
				CLANG_WARN_DEPRECATED_OBJC_IMPLEMENTATIONS = YES;
				CLANG_WARN_DIRECT_OBJC_ISA_USAGE = YES_ERROR;
				CLANG_WARN_DOCUMENTATION_COMMENTS = YES;
				CLANG_WARN_EMPTY_BODY = YES;
				CLANG_WARN_ENUM_CONVERSION = YES;
				CLANG_WARN_INFINITE_RECURSION = YES;
				CLANG_WARN_INT_CONVERSION = YES;
				CLANG_WARN_NON_LITERAL_NULL_CONVERSION = YES;
				CLANG_WARN_OBJC_IMPLICIT_RETAIN_SELF = YES;
				CLANG_WARN_OBJC_LITERAL_CONVERSION = YES;
				CLANG_WARN_OBJC_ROOT_CLASS = YES_ERROR;
				CLANG_WARN_QUOTED_INCLUDE_IN_FRAMEWORK_HEADER = YES;
				CLANG_WARN_RANGE_LOOP_ANALYSIS = YES;
				CLANG_WARN_STRICT_PROTOTYPES = YES;
				CLANG_WARN_SUSPICIOUS_MOVE = YES;
				CLANG_WARN_UNGUARDED_AVAILABILITY = YES_AGGRESSIVE;
				CLANG_WARN_UNREACHABLE_CODE = YES;
				CLANG_WARN__DUPLICATE_METHOD_MATCH = YES;
				COPY_PHASE_STRIP = NO;
				DEBUG_INFORMATION_FORMAT = "dwarf-with-dsym";
				ENABLE_NS_ASSERTIONS = NO;
				ENABLE_STRICT_OBJC_MSGSEND = YES;
				GCC_C_LANGUAGE_STANDARD = gnu11;
				GCC_NO_COMMON_BLOCKS = YES;
				GCC_WARN_64_TO_32_BIT_CONVERSION = YES;
				GCC_WARN_ABOUT_RETURN_TYPE = YES_ERROR;
				GCC_WARN_UNDECLARED_SELECTOR = YES;
				GCC_WARN_UNINITIALIZED_AUTOS = YES_AGGRESSIVE;
				GCC_WARN_UNUSED_FUNCTION = YES;
				GCC_WARN_UNUSED_VARIABLE = YES;
				IPHONEOS_DEPLOYMENT_TARGET = 15.5;
				MTL_ENABLE_DEBUG_INFO = NO;
				MTL_FAST_MATH = YES;
				SDKROOT = iphoneos;
				SWIFT_COMPILATION_MODE = wholemodule;
				SWIFT_OPTIMIZATION_LEVEL = "-O";
				VALIDATE_PRODUCT = YES;
			};
			name = Release;
		};
		4822DAEE28B9EBCB00400AEA /* Debug */ = {
			isa = XCBuildConfiguration;
			buildSettings = {
				ASSETCATALOG_COMPILER_APPICON_NAME = AppIcon;
				ASSETCATALOG_COMPILER_GLOBAL_ACCENT_COLOR_NAME = AccentColor;
				CODE_SIGN_STYLE = Automatic;
				CURRENT_PROJECT_VERSION = 1;
				DEVELOPMENT_ASSET_PATHS = "\"TodaysWeather_SwiftUI/Preview Content\"";
				DEVELOPMENT_TEAM = 54T77SSM5Q;
				ENABLE_PREVIEWS = YES;
				GENERATE_INFOPLIST_FILE = YES;
				INFOPLIST_FILE = "TodaysWeather-SwiftUI-Info.plist";
				INFOPLIST_KEY_UIApplicationSceneManifest_Generation = YES;
				INFOPLIST_KEY_UIApplicationSupportsIndirectInputEvents = YES;
				INFOPLIST_KEY_UILaunchScreen_Generation = YES;
				INFOPLIST_KEY_UISupportedInterfaceOrientations_iPad = "UIInterfaceOrientationPortrait UIInterfaceOrientationPortraitUpsideDown UIInterfaceOrientationLandscapeLeft UIInterfaceOrientationLandscapeRight";
				INFOPLIST_KEY_UISupportedInterfaceOrientations_iPhone = "UIInterfaceOrientationPortrait UIInterfaceOrientationLandscapeLeft UIInterfaceOrientationLandscapeRight";
				LD_RUNPATH_SEARCH_PATHS = (
					"$(inherited)",
					"@executable_path/Frameworks",
				);
				MARKETING_VERSION = 1.0;
				PRODUCT_BUNDLE_IDENTIFIER = "sy.TodaysWeather-SwiftUI";
				PRODUCT_NAME = "$(TARGET_NAME)";
				SWIFT_EMIT_LOC_STRINGS = YES;
				SWIFT_VERSION = 5.0;
				TARGETED_DEVICE_FAMILY = "1,2";
			};
			name = Debug;
		};
		4822DAEF28B9EBCB00400AEA /* Release */ = {
			isa = XCBuildConfiguration;
			buildSettings = {
				ASSETCATALOG_COMPILER_APPICON_NAME = AppIcon;
				ASSETCATALOG_COMPILER_GLOBAL_ACCENT_COLOR_NAME = AccentColor;
				CODE_SIGN_STYLE = Automatic;
				CURRENT_PROJECT_VERSION = 1;
				DEVELOPMENT_ASSET_PATHS = "\"TodaysWeather_SwiftUI/Preview Content\"";
				DEVELOPMENT_TEAM = 54T77SSM5Q;
				ENABLE_PREVIEWS = YES;
				GENERATE_INFOPLIST_FILE = YES;
				INFOPLIST_FILE = "TodaysWeather-SwiftUI-Info.plist";
				INFOPLIST_KEY_UIApplicationSceneManifest_Generation = YES;
				INFOPLIST_KEY_UIApplicationSupportsIndirectInputEvents = YES;
				INFOPLIST_KEY_UILaunchScreen_Generation = YES;
				INFOPLIST_KEY_UISupportedInterfaceOrientations_iPad = "UIInterfaceOrientationPortrait UIInterfaceOrientationPortraitUpsideDown UIInterfaceOrientationLandscapeLeft UIInterfaceOrientationLandscapeRight";
				INFOPLIST_KEY_UISupportedInterfaceOrientations_iPhone = "UIInterfaceOrientationPortrait UIInterfaceOrientationLandscapeLeft UIInterfaceOrientationLandscapeRight";
				LD_RUNPATH_SEARCH_PATHS = (
					"$(inherited)",
					"@executable_path/Frameworks",
				);
				MARKETING_VERSION = 1.0;
				PRODUCT_BUNDLE_IDENTIFIER = "sy.TodaysWeather-SwiftUI";
				PRODUCT_NAME = "$(TARGET_NAME)";
				SWIFT_EMIT_LOC_STRINGS = YES;
				SWIFT_VERSION = 5.0;
				TARGETED_DEVICE_FAMILY = "1,2";
			};
			name = Release;
		};
		4822DAF128B9EBCB00400AEA /* Debug */ = {
			isa = XCBuildConfiguration;
			buildSettings = {
				ALWAYS_EMBED_SWIFT_STANDARD_LIBRARIES = YES;
				BUNDLE_LOADER = "$(TEST_HOST)";
				CODE_SIGN_STYLE = Automatic;
				CURRENT_PROJECT_VERSION = 1;
				DEVELOPMENT_TEAM = 54T77SSM5Q;
				GENERATE_INFOPLIST_FILE = YES;
				IPHONEOS_DEPLOYMENT_TARGET = 15.5;
				MARKETING_VERSION = 1.0;
				PRODUCT_BUNDLE_IDENTIFIER = "sy.TodaysWeather-SwiftUITests";
				PRODUCT_NAME = "$(TARGET_NAME)";
				SWIFT_EMIT_LOC_STRINGS = NO;
				SWIFT_VERSION = 5.0;
				TARGETED_DEVICE_FAMILY = "1,2";
				TEST_HOST = "$(BUILT_PRODUCTS_DIR)/TodaysWeather_SwiftUI.app/TodaysWeather_SwiftUI";
			};
			name = Debug;
		};
		4822DAF228B9EBCB00400AEA /* Release */ = {
			isa = XCBuildConfiguration;
			buildSettings = {
				ALWAYS_EMBED_SWIFT_STANDARD_LIBRARIES = YES;
				BUNDLE_LOADER = "$(TEST_HOST)";
				CODE_SIGN_STYLE = Automatic;
				CURRENT_PROJECT_VERSION = 1;
				DEVELOPMENT_TEAM = 54T77SSM5Q;
				GENERATE_INFOPLIST_FILE = YES;
				IPHONEOS_DEPLOYMENT_TARGET = 15.5;
				MARKETING_VERSION = 1.0;
				PRODUCT_BUNDLE_IDENTIFIER = "sy.TodaysWeather-SwiftUITests";
				PRODUCT_NAME = "$(TARGET_NAME)";
				SWIFT_EMIT_LOC_STRINGS = NO;
				SWIFT_VERSION = 5.0;
				TARGETED_DEVICE_FAMILY = "1,2";
				TEST_HOST = "$(BUILT_PRODUCTS_DIR)/TodaysWeather_SwiftUI.app/TodaysWeather_SwiftUI";
			};
			name = Release;
		};
		4822DAF428B9EBCB00400AEA /* Debug */ = {
			isa = XCBuildConfiguration;
			buildSettings = {
				ALWAYS_EMBED_SWIFT_STANDARD_LIBRARIES = YES;
				CODE_SIGN_STYLE = Automatic;
				CURRENT_PROJECT_VERSION = 1;
				DEVELOPMENT_TEAM = 54T77SSM5Q;
				GENERATE_INFOPLIST_FILE = YES;
				MARKETING_VERSION = 1.0;
				PRODUCT_BUNDLE_IDENTIFIER = "sy.TodaysWeather-SwiftUIUITests";
				PRODUCT_NAME = "$(TARGET_NAME)";
				SWIFT_EMIT_LOC_STRINGS = NO;
				SWIFT_VERSION = 5.0;
				TARGETED_DEVICE_FAMILY = "1,2";
				TEST_TARGET_NAME = TodaysWeather_SwiftUI;
			};
			name = Debug;
		};
		4822DAF528B9EBCB00400AEA /* Release */ = {
			isa = XCBuildConfiguration;
			buildSettings = {
				ALWAYS_EMBED_SWIFT_STANDARD_LIBRARIES = YES;
				CODE_SIGN_STYLE = Automatic;
				CURRENT_PROJECT_VERSION = 1;
				DEVELOPMENT_TEAM = 54T77SSM5Q;
				GENERATE_INFOPLIST_FILE = YES;
				MARKETING_VERSION = 1.0;
				PRODUCT_BUNDLE_IDENTIFIER = "sy.TodaysWeather-SwiftUIUITests";
				PRODUCT_NAME = "$(TARGET_NAME)";
				SWIFT_EMIT_LOC_STRINGS = NO;
				SWIFT_VERSION = 5.0;
				TARGETED_DEVICE_FAMILY = "1,2";
				TEST_TARGET_NAME = TodaysWeather_SwiftUI;
			};
			name = Release;
		};
/* End XCBuildConfiguration section */

/* Begin XCConfigurationList section */
		4822DAC428B9EBCA00400AEA /* Build configuration list for PBXProject "TodaysWeather_SwiftUI" */ = {
			isa = XCConfigurationList;
			buildConfigurations = (
				4822DAEB28B9EBCB00400AEA /* Debug */,
				4822DAEC28B9EBCB00400AEA /* Release */,
			);
			defaultConfigurationIsVisible = 0;
			defaultConfigurationName = Release;
		};
		4822DAED28B9EBCB00400AEA /* Build configuration list for PBXNativeTarget "TodaysWeather_SwiftUI" */ = {
			isa = XCConfigurationList;
			buildConfigurations = (
				4822DAEE28B9EBCB00400AEA /* Debug */,
				4822DAEF28B9EBCB00400AEA /* Release */,
			);
			defaultConfigurationIsVisible = 0;
			defaultConfigurationName = Release;
		};
		4822DAF028B9EBCB00400AEA /* Build configuration list for PBXNativeTarget "TodaysWeather_SwiftUITests" */ = {
			isa = XCConfigurationList;
			buildConfigurations = (
				4822DAF128B9EBCB00400AEA /* Debug */,
				4822DAF228B9EBCB00400AEA /* Release */,
			);
			defaultConfigurationIsVisible = 0;
			defaultConfigurationName = Release;
		};
		4822DAF328B9EBCB00400AEA /* Build configuration list for PBXNativeTarget "TodaysWeather_SwiftUIUITests" */ = {
			isa = XCConfigurationList;
			buildConfigurations = (
				4822DAF428B9EBCB00400AEA /* Debug */,
				4822DAF528B9EBCB00400AEA /* Release */,
			);
			defaultConfigurationIsVisible = 0;
			defaultConfigurationName = Release;
		};
/* End XCConfigurationList section */
	};
	rootObject = 4822DAC128B9EBCA00400AEA /* Project object */;
}
